
Microsoft Visual Studio Solution File, Format Version 12.00
# Visual Studio Version 17
VisualStudioVersion = 17.2.32526.322
MinimumVisualStudioVersion = 10.0.40219.1
Project("{9A19103F-16F7-4668-BE54-9A1E7A4F7556}") = "BlazorApp.DBFirst.Server", "Server\BlazorApp.DBFirst.Server.csproj", "{C88E5C3C-A7ED-47CA-A281-89517FFBCAA6}"
EndProject
Project("{9A19103F-16F7-4668-BE54-9A1E7A4F7556}") = "BlazorApp.DBFirst.Client", "Client\BlazorApp.DBFirst.Client.csproj", "{B89A9E21-A029-4374-9860-14C1E9DBEB75}"
EndProject
Project("{9A19103F-16F7-4668-BE54-9A1E7A4F7556}") = "BlazorApp.DBFirst.Shared", "Shared\BlazorApp.DBFirst.Shared.csproj", "{FFBCFF9C-58DB-45D8-8270-B7DA78E6DD6E}"
EndProject
Global
	GlobalSection(SolutionConfigurationPlatforms) = preSolution
		Debug|Any CPU = Debug|Any CPU
		Release|Any CPU = Release|Any CPU
	EndGlobalSection
	GlobalSection(ProjectConfigurationPlatforms) = postSolution
		{C88E5C3C-A7ED-47CA-A281-89517FFBCAA6}.Debug|Any CPU.ActiveCfg = Debug|Any CPU
		{C88E5C3C-A7ED-47CA-A281-89517FFBCAA6}.Debug|Any CPU.Build.0 = Debug|Any CPU
		{C88E5C3C-A7ED-47CA-A281-89517FFBCAA6}.Release|Any CPU.ActiveCfg = Release|Any CPU
		{C88E5C3C-A7ED-47CA-A281-89517FFBCAA6}.Release|Any CPU.Build.0 = Release|Any CPU
		{B89A9E21-A029-4374-9860-14C1E9DBEB75}.Debug|Any CPU.ActiveCfg = Debug|Any CPU
		{B89A9E21-A029-4374-9860-14C1E9DBEB75}.Debug|Any CPU.Build.0 = Debug|Any CPU
		{B89A9E21-A029-4374-9860-14C1E9DBEB75}.Release|Any CPU.ActiveCfg = Release|Any CPU
		{B89A9E21-A029-4374-9860-14C1E9DBEB75}.Release|Any CPU.Build.0 = Release|Any CPU
		{FFBCFF9C-58DB-45D8-8270-B7DA78E6DD6E}.Debug|Any CPU.ActiveCfg = Debug|Any CPU
		{FFBCFF9C-58DB-45D8-8270-B7DA78E6DD6E}.Debug|Any CPU.Build.0 = Debug|Any CPU
		{FFBCFF9C-58DB-45D8-8270-B7DA78E6DD6E}.Release|Any CPU.ActiveCfg = Release|Any CPU
		{FFBCFF9C-58DB-45D8-8270-B7DA78E6DD6E}.Release|Any CPU.Build.0 = Release|Any CPU
	EndGlobalSection
	GlobalSection(SolutionProperties) = preSolution
		HideSolutionNode = FALSE
	EndGlobalSection
	GlobalSection(ExtensibilityGlobals) = postSolution
		SolutionGuid = {34441130-1EC6-4837-9939-9860E0839B88}
	EndGlobalSection
EndGlobal
